
Microsoft Visual Studio Solution File, Format Version 12.00
# Visual Studio Version 16
VisualStudioVersion = 16.0.29306.81
MinimumVisualStudioVersion = 10.0.40219.1
Project("{FAE04EC0-301F-11D3-BF4B-00C04F79EFBC}") = "Exercicio1", "Exercicio1.csproj", "{A0A3E533-9D7A-4C5C-B94F-B82468E017E5}"
EndProject
Global
	GlobalSection(SolutionConfigurationPlatforms) = preSolution
		Debug|Any CPU = Debug|Any CPU
		Release|Any CPU = Release|Any CPU
	EndGlobalSection
	GlobalSection(ProjectConfigurationPlatforms) = postSolution
		{A0A3E533-9D7A-4C5C-B94F-B82468E017E5}.Debug|Any CPU.ActiveCfg = Debug|Any CPU
		{A0A3E533-9D7A-4C5C-B94F-B82468E017E5}.Debug|Any CPU.Build.0 = Debug|Any CPU
		{A0A3E533-9D7A-4C5C-B94F-B82468E017E5}.Release|Any CPU.ActiveCfg = Release|Any CPU
		{A0A3E533-9D7A-4C5C-B94F-B82468E017E5}.Release|Any CPU.Build.0 = Release|Any CPU
	EndGlobalSection
	GlobalSection(SolutionProperties) = preSolution
		HideSolutionNode = FALSE
	EndGlobalSection
	GlobalSection(ExtensibilityGlobals) = postSolution
		SolutionGuid = {15800EA3-A902-480B-81FF-66B01E03D42B}
	EndGlobalSection
EndGlobal
